
Microsoft Visual Studio Solution File, Format Version 12.00
# Visual Studio 15
VisualStudioVersion = 15.0.28307.1758
MinimumVisualStudioVersion = 10.0.40219.1
Project("{FAE04EC0-301F-11D3-BF4B-00C04F79EFBC}") = "QRKodOlusturucu", "QRKodOlusturucu\QRKodOlusturucu.csproj", "{4690762F-7BC8-44F7-98FA-1566315B63ED}"
EndProject
Global
	GlobalSection(SolutionConfigurationPlatforms) = preSolution
		Debug|Any CPU = Debug|Any CPU
		Release|Any CPU = Release|Any CPU
	EndGlobalSection
	GlobalSection(ProjectConfigurationPlatforms) = postSolution
		{4690762F-7BC8-44F7-98FA-1566315B63ED}.Debug|Any CPU.ActiveCfg = Debug|Any CPU
		{4690762F-7BC8-44F7-98FA-1566315B63ED}.Debug|Any CPU.Build.0 = Debug|Any CPU
		{4690762F-7BC8-44F7-98FA-1566315B63ED}.Release|Any CPU.ActiveCfg = Release|Any CPU
		{4690762F-7BC8-44F7-98FA-1566315B63ED}.Release|Any CPU.Build.0 = Release|Any CPU
	EndGlobalSection
	GlobalSection(SolutionProperties) = preSolution
		HideSolutionNode = FALSE
	EndGlobalSection
	GlobalSection(ExtensibilityGlobals) = postSolution
		SolutionGuid = {59038CE1-FF78-4741-B595-4925A4A4F2DF}
	EndGlobalSection
EndGlobal
